
Microsoft Visual Studio Solution File, Format Version 12.00
# Visual Studio Version 17
VisualStudioVersion = 17.0.31919.166
MinimumVisualStudioVersion = 10.0.40219.1
Project("{9A19103F-16F7-4668-BE54-9A1E7A4F7556}") = "MonoSquaresClient", "MonoSquares\MonoSquaresClient.csproj", "{1BF35FD7-70D0-4362-ACD3-9F7CAAB992AE}"
EndProject
Project("{9A19103F-16F7-4668-BE54-9A1E7A4F7556}") = "MonoSquaresServer", "MonoSquaresServer\MonoSquaresServer.csproj", "{E952CE0E-DB22-485B-A234-5BCC3B928F35}"
EndProject
Project("{9A19103F-16F7-4668-BE54-9A1E7A4F7556}") = "SharedClientServer", "SharedClientServer\SharedClientServer.csproj", "{549A1248-45FD-4946-8FE4-5F8AFCF81E1C}"
EndProject
Project("{FAE04EC0-301F-11D3-BF4B-00C04F79EFBC}") = "ScratchPad", "ScratchPad\ScratchPad.csproj", "{A4ACA74A-3071-4328-8C61-DE17147C2CEB}"
EndProject
Global
	GlobalSection(SolutionConfigurationPlatforms) = preSolution
		Debug|Any CPU = Debug|Any CPU
		Release|Any CPU = Release|Any CPU
	EndGlobalSection
	GlobalSection(ProjectConfigurationPlatforms) = postSolution
		{1BF35FD7-70D0-4362-ACD3-9F7CAAB992AE}.Debug|Any CPU.ActiveCfg = Debug|Any CPU
		{1BF35FD7-70D0-4362-ACD3-9F7CAAB992AE}.Debug|Any CPU.Build.0 = Debug|Any CPU
		{1BF35FD7-70D0-4362-ACD3-9F7CAAB992AE}.Release|Any CPU.ActiveCfg = Release|Any CPU
		{1BF35FD7-70D0-4362-ACD3-9F7CAAB992AE}.Release|Any CPU.Build.0 = Release|Any CPU
		{E952CE0E-DB22-485B-A234-5BCC3B928F35}.Debug|Any CPU.ActiveCfg = Debug|Any CPU
		{E952CE0E-DB22-485B-A234-5BCC3B928F35}.Debug|Any CPU.Build.0 = Debug|Any CPU
		{E952CE0E-DB22-485B-A234-5BCC3B928F35}.Release|Any CPU.ActiveCfg = Release|Any CPU
		{E952CE0E-DB22-485B-A234-5BCC3B928F35}.Release|Any CPU.Build.0 = Release|Any CPU
		{549A1248-45FD-4946-8FE4-5F8AFCF81E1C}.Debug|Any CPU.ActiveCfg = Debug|Any CPU
		{549A1248-45FD-4946-8FE4-5F8AFCF81E1C}.Debug|Any CPU.Build.0 = Debug|Any CPU
		{549A1248-45FD-4946-8FE4-5F8AFCF81E1C}.Release|Any CPU.ActiveCfg = Release|Any CPU
		{549A1248-45FD-4946-8FE4-5F8AFCF81E1C}.Release|Any CPU.Build.0 = Release|Any CPU
		{A4ACA74A-3071-4328-8C61-DE17147C2CEB}.Debug|Any CPU.ActiveCfg = Debug|Any CPU
		{A4ACA74A-3071-4328-8C61-DE17147C2CEB}.Debug|Any CPU.Build.0 = Debug|Any CPU
		{A4ACA74A-3071-4328-8C61-DE17147C2CEB}.Release|Any CPU.ActiveCfg = Release|Any CPU
		{A4ACA74A-3071-4328-8C61-DE17147C2CEB}.Release|Any CPU.Build.0 = Release|Any CPU
	EndGlobalSection
	GlobalSection(SolutionProperties) = preSolution
		HideSolutionNode = FALSE
	EndGlobalSection
	GlobalSection(ExtensibilityGlobals) = postSolution
		SolutionGuid = {FDBAE52C-670F-4903-A01E-89514135F10B}
	EndGlobalSection
EndGlobal
